
Microsoft Visual Studio Solution File, Format Version 12.00
# Visual Studio Version 16
VisualStudioVersion = 16.0.30907.101
MinimumVisualStudioVersion = 10.0.40219.1
Project("{FAE04EC0-301F-11D3-BF4B-00C04F79EFBC}") = "FolderListener", "FolderListener.csproj", "{8566FD4B-87FC-4442-838D-1714DB33B4AE}"
EndProject
Global
	GlobalSection(SolutionConfigurationPlatforms) = preSolution
		Debug|Any CPU = Debug|Any CPU
		Release|Any CPU = Release|Any CPU
	EndGlobalSection
	GlobalSection(ProjectConfigurationPlatforms) = postSolution
		{8566FD4B-87FC-4442-838D-1714DB33B4AE}.Debug|Any CPU.ActiveCfg = Debug|Any CPU
		{8566FD4B-87FC-4442-838D-1714DB33B4AE}.Debug|Any CPU.Build.0 = Debug|Any CPU
		{8566FD4B-87FC-4442-838D-1714DB33B4AE}.Release|Any CPU.ActiveCfg = Release|Any CPU
		{8566FD4B-87FC-4442-838D-1714DB33B4AE}.Release|Any CPU.Build.0 = Release|Any CPU
	EndGlobalSection
	GlobalSection(SolutionProperties) = preSolution
		HideSolutionNode = FALSE
	EndGlobalSection
	GlobalSection(ExtensibilityGlobals) = postSolution
		SolutionGuid = {DCE318D7-DFA4-435B-ADD8-91010A2A1EA1}
	EndGlobalSection
EndGlobal
